
Microsoft Visual Studio Solution File, Format Version 12.00
Project("{2150E333-8FDC-42A3-9474-1A3956D46DE8}") = "src", "src", "{827E0CD3-B72D-47B6-A68D-7590B98EB39B}"
EndProject
Project("{FAE04EC0-301F-11D3-BF4B-00C04F79EFBC}") = "WalletCQRS.Domain", "src\WalletCQRS.Domain\WalletCQRS.Domain.csproj", "{C2B2F483-EF54-4953-A2B1-D3E22089442C}"
EndProject
Project("{FAE04EC0-301F-11D3-BF4B-00C04F79EFBC}") = "WalletCQRS.Application", "src\WalletCQRS.Application\WalletCQRS.Application.csproj", "{CBF28CB5-B713-4E60-9085-3C78747803DC}"
EndProject
Project("{FAE04EC0-301F-11D3-BF4B-00C04F79EFBC}") = "WalletCQRS.Infrastructure", "src\WalletCQRS.Infrastructure\WalletCQRS.Infrastructure.csproj", "{EC391223-CB05-44CE-8547-16B41617A5C7}"
EndProject
Project("{FAE04EC0-301F-11D3-BF4B-00C04F79EFBC}") = "WalletCQRS.Api", "src\WalletCQRS.Api\WalletCQRS.Api.csproj", "{33325EB4-FC60-4C07-87F0-0A51ABBB3129}"
EndProject
Global
	GlobalSection(SolutionConfigurationPlatforms) = preSolution
		Debug|Any CPU = Debug|Any CPU
		Debug|x64 = Debug|x64
		Debug|x86 = Debug|x86
		Release|Any CPU = Release|Any CPU
		Release|x64 = Release|x64
		Release|x86 = Release|x86
	EndGlobalSection
	GlobalSection(ProjectConfigurationPlatforms) = postSolution
		{C2B2F483-EF54-4953-A2B1-D3E22089442C}.Debug|Any CPU.ActiveCfg = Debug|Any CPU
		{C2B2F483-EF54-4953-A2B1-D3E22089442C}.Debug|Any CPU.Build.0 = Debug|Any CPU
		{C2B2F483-EF54-4953-A2B1-D3E22089442C}.Debug|x64.ActiveCfg = Debug|Any CPU
		{C2B2F483-EF54-4953-A2B1-D3E22089442C}.Debug|x64.Build.0 = Debug|Any CPU
		{C2B2F483-EF54-4953-A2B1-D3E22089442C}.Debug|x86.ActiveCfg = Debug|Any CPU
		{C2B2F483-EF54-4953-A2B1-D3E22089442C}.Debug|x86.Build.0 = Debug|Any CPU
		{C2B2F483-EF54-4953-A2B1-D3E22089442C}.Release|Any CPU.ActiveCfg = Release|Any CPU
		{C2B2F483-EF54-4953-A2B1-D3E22089442C}.Release|Any CPU.Build.0 = Release|Any CPU
		{C2B2F483-EF54-4953-A2B1-D3E22089442C}.Release|x64.ActiveCfg = Release|Any CPU
		{C2B2F483-EF54-4953-A2B1-D3E22089442C}.Release|x64.Build.0 = Release|Any CPU
		{C2B2F483-EF54-4953-A2B1-D3E22089442C}.Release|x86.ActiveCfg = Release|Any CPU
		{C2B2F483-EF54-4953-A2B1-D3E22089442C}.Release|x86.Build.0 = Release|Any CPU
		{CBF28CB5-B713-4E60-9085-3C78747803DC}.Debug|Any CPU.ActiveCfg = Debug|Any CPU
		{CBF28CB5-B713-4E60-9085-3C78747803DC}.Debug|Any CPU.Build.0 = Debug|Any CPU
		{CBF28CB5-B713-4E60-9085-3C78747803DC}.Debug|x64.ActiveCfg = Debug|Any CPU
		{CBF28CB5-B713-4E60-9085-3C78747803DC}.Debug|x64.Build.0 = Debug|Any CPU
		{CBF28CB5-B713-4E60-9085-3C78747803DC}.Debug|x86.ActiveCfg = Debug|Any CPU
		{CBF28CB5-B713-4E60-9085-3C78747803DC}.Debug|x86.Build.0 = Debug|Any CPU
		{CBF28CB5-B713-4E60-9085-3C78747803DC}.Release|Any CPU.ActiveCfg = Release|Any CPU
		{CBF28CB5-B713-4E60-9085-3C78747803DC}.Release|Any CPU.Build.0 = Release|Any CPU
		{CBF28CB5-B713-4E60-9085-3C78747803DC}.Release|x64.ActiveCfg = Release|Any CPU
		{CBF28CB5-B713-4E60-9085-3C78747803DC}.Release|x64.Build.0 = Release|Any CPU
		{CBF28CB5-B713-4E60-9085-3C78747803DC}.Release|x86.ActiveCfg = Release|Any CPU
		{CBF28CB5-B713-4E60-9085-3C78747803DC}.Release|x86.Build.0 = Release|Any CPU
		{EC391223-CB05-44CE-8547-16B41617A5C7}.Debug|Any CPU.ActiveCfg = Debug|Any CPU
		{EC391223-CB05-44CE-8547-16B41617A5C7}.Debug|Any CPU.Build.0 = Debug|Any CPU
		{EC391223-CB05-44CE-8547-16B41617A5C7}.Debug|x64.ActiveCfg = Debug|Any CPU
		{EC391223-CB05-44CE-8547-16B41617A5C7}.Debug|x64.Build.0 = Debug|Any CPU
		{EC391223-CB05-44CE-8547-16B41617A5C7}.Debug|x86.ActiveCfg = Debug|Any CPU
		{EC391223-CB05-44CE-8547-16B41617A5C7}.Debug|x86.Build.0 = Debug|Any CPU
		{EC391223-CB05-44CE-8547-16B41617A5C7}.Release|Any CPU.ActiveCfg = Release|Any CPU
		{EC391223-CB05-44CE-8547-16B41617A5C7}.Release|Any CPU.Build.0 = Release|Any CPU
		{EC391223-CB05-44CE-8547-16B41617A5C7}.Release|x64.ActiveCfg = Release|Any CPU
		{EC391223-CB05-44CE-8547-16B41617A5C7}.Release|x64.Build.0 = Release|Any CPU
		{EC391223-CB05-44CE-8547-16B41617A5C7}.Release|x86.ActiveCfg = Release|Any CPU
		{EC391223-CB05-44CE-8547-16B41617A5C7}.Release|x86.Build.0 = Release|Any CPU
		{33325EB4-FC60-4C07-87F0-0A51ABBB3129}.Debug|Any CPU.ActiveCfg = Debug|Any CPU
		{33325EB4-FC60-4C07-87F0-0A51ABBB3129}.Debug|Any CPU.Build.0 = Debug|Any CPU
		{33325EB4-FC60-4C07-87F0-0A51ABBB3129}.Debug|x64.ActiveCfg = Debug|Any CPU
		{33325EB4-FC60-4C07-87F0-0A51ABBB3129}.Debug|x64.Build.0 = Debug|Any CPU
		{33325EB4-FC60-4C07-87F0-0A51ABBB3129}.Debug|x86.ActiveCfg = Debug|Any CPU
		{33325EB4-FC60-4C07-87F0-0A51ABBB3129}.Debug|x86.Build.0 = Debug|Any CPU
		{33325EB4-FC60-4C07-87F0-0A51ABBB3129}.Release|Any CPU.ActiveCfg = Release|Any CPU
		{33325EB4-FC60-4C07-87F0-0A51ABBB3129}.Release|Any CPU.Build.0 = Release|Any CPU
		{33325EB4-FC60-4C07-87F0-0A51ABBB3129}.Release|x64.ActiveCfg = Release|Any CPU
		{33325EB4-FC60-4C07-87F0-0A51ABBB3129}.Release|x64.Build.0 = Release|Any CPU
		{33325EB4-FC60-4C07-87F0-0A51ABBB3129}.Release|x86.ActiveCfg = Release|Any CPU
		{33325EB4-FC60-4C07-87F0-0A51ABBB3129}.Release|x86.Build.0 = Release|Any CPU
	EndGlobalSection
	GlobalSection(SolutionProperties) = preSolution
		HideSolutionNode = FALSE
	EndGlobalSection
	GlobalSection(NestedProjects) = preSolution
		{C2B2F483-EF54-4953-A2B1-D3E22089442C} = {827E0CD3-B72D-47B6-A68D-7590B98EB39B}
		{CBF28CB5-B713-4E60-9085-3C78747803DC} = {827E0CD3-B72D-47B6-A68D-7590B98EB39B}
		{EC391223-CB05-44CE-8547-16B41617A5C7} = {827E0CD3-B72D-47B6-A68D-7590B98EB39B}
		{33325EB4-FC60-4C07-87F0-0A51ABBB3129} = {827E0CD3-B72D-47B6-A68D-7590B98EB39B}
	EndGlobalSection
EndGlobal
