
Microsoft Visual Studio Solution File, Format Version 12.00
Project("{FAE04EC0-301F-11D3-BF4B-00C04F79EFBC}") = "WalletCQRS", "WalletCQRS\WalletCQRS.csproj", "{DCF83E32-70EA-4326-A832-879309823B88}"
EndProject
Global
	GlobalSection(SolutionConfigurationPlatforms) = preSolution
		Debug|Any CPU = Debug|Any CPU
		Release|Any CPU = Release|Any CPU
	EndGlobalSection
	GlobalSection(ProjectConfigurationPlatforms) = postSolution
		{DCF83E32-70EA-4326-A832-879309823B88}.Debug|Any CPU.ActiveCfg = Debug|Any CPU
		{DCF83E32-70EA-4326-A832-879309823B88}.Debug|Any CPU.Build.0 = Debug|Any CPU
		{DCF83E32-70EA-4326-A832-879309823B88}.Release|Any CPU.ActiveCfg = Release|Any CPU
		{DCF83E32-70EA-4326-A832-879309823B88}.Release|Any CPU.Build.0 = Release|Any CPU
	EndGlobalSection
EndGlobal
